
Microsoft Visual Studio Solution File, Format Version 12.00
# Visual Studio 15
Project("{FAE04EC0-301F-11D3-BF4B-00C04F79EFBC}") = "WebfomsToRazorPages.Console", "WebfomsToRazorPages.Console.csproj", "{771ED3E6-A1CA-4078-9646-92BBB10515DF}"
EndProject
Global
	GlobalSection(SolutionConfigurationPlatforms) = preSolution
		Debug|Any CPU = Debug|Any CPU
		Release|Any CPU = Release|Any CPU
	EndGlobalSection
	GlobalSection(ProjectConfigurationPlatforms) = postSolution
		{771ED3E6-A1CA-4078-9646-92BBB10515DF}.Debug|Any CPU.ActiveCfg = Debug|Any CPU
		{771ED3E6-A1CA-4078-9646-92BBB10515DF}.Debug|Any CPU.Build.0 = Debug|Any CPU
		{771ED3E6-A1CA-4078-9646-92BBB10515DF}.Release|Any CPU.ActiveCfg = Release|Any CPU
		{771ED3E6-A1CA-4078-9646-92BBB10515DF}.Release|Any CPU.Build.0 = Release|Any CPU
	EndGlobalSection
EndGlobal
